
Microsoft Visual Studio Solution File, Format Version 12.00
# Visual Studio Version 16
VisualStudioVersion = 16.0.31205.134
MinimumVisualStudioVersion = 10.0.40219.1
Project("{2150E333-8FDC-42A3-9474-1A3956D46DE8}") = "1 - Presentation Layer", "1 - Presentation Layer", "{2315659A-162C-426A-90A1-11A16D0AC1E1}"
EndProject
Project("{2150E333-8FDC-42A3-9474-1A3956D46DE8}") = "2 - Repository Layer", "2 - Repository Layer", "{DD03DA3E-5163-4F58-862D-5CB85484A2A1}"
EndProject
Project("{9A19103F-16F7-4668-BE54-9A1E7A4F7556}") = "ProjetoMVC01.Presentation", "ProjetoMVC01.Presentation\ProjetoMVC01.Presentation.csproj", "{95472C59-B2D8-42E1-B139-DAFB6BBBCB82}"
EndProject
Project("{9A19103F-16F7-4668-BE54-9A1E7A4F7556}") = "ProjetoMVC01.Repository", "ProjetoMVC01.Repository\ProjetoMVC01.Repository.csproj", "{0F32B8C9-1BE7-4ADD-9738-390CBB7D80F9}"
EndProject
Project("{2150E333-8FDC-42A3-9474-1A3956D46DE8}") = "3 - Reports Layer", "3 - Reports Layer", "{5EC3C1F9-843B-481F-8D62-0D1136E6B9B2}"
EndProject
Project("{2150E333-8FDC-42A3-9474-1A3956D46DE8}") = "3.1 - Excel", "3.1 - Excel", "{63DE7DD6-5BB7-42F8-9ACE-55AF55EFAC47}"
EndProject
Project("{2150E333-8FDC-42A3-9474-1A3956D46DE8}") = "3.2 - Pdf", "3.2 - Pdf", "{34AD9889-11E2-4CF7-B586-E8C7A99675B6}"
EndProject
Project("{9A19103F-16F7-4668-BE54-9A1E7A4F7556}") = "ProjetoMVC01.Reports.Excel", "ProjetoMVC01.Reports.Excel\ProjetoMVC01.Reports.Excel.csproj", "{2504F983-A45A-48BB-A900-451C1C16BB39}"
EndProject
Project("{9A19103F-16F7-4668-BE54-9A1E7A4F7556}") = "ProjetoMVC01.Reports.Pdf", "ProjetoMVC01.Reports.Pdf\ProjetoMVC01.Reports.Pdf.csproj", "{CF2E9F63-E8E9-45BF-B11E-58BDC5D21632}"
EndProject
Project("{2150E333-8FDC-42A3-9474-1A3956D46DE8}") = "4 - Messages Layer", "4 - Messages Layer", "{5BE91C2B-69CF-4AB0-866B-79C2640677E1}"
EndProject
Project("{FAE04EC0-301F-11D3-BF4B-00C04F79EFBC}") = "ProjetoMVC01.Messages", "ProjetoMVC01.Messages\ProjetoMVC01.Messages.csproj", "{5C169681-3D23-4A14-95CC-B6A1E395E0AD}"
EndProject
Global
	GlobalSection(SolutionConfigurationPlatforms) = preSolution
		Debug|Any CPU = Debug|Any CPU
		Release|Any CPU = Release|Any CPU
	EndGlobalSection
	GlobalSection(ProjectConfigurationPlatforms) = postSolution
		{95472C59-B2D8-42E1-B139-DAFB6BBBCB82}.Debug|Any CPU.ActiveCfg = Debug|Any CPU
		{95472C59-B2D8-42E1-B139-DAFB6BBBCB82}.Debug|Any CPU.Build.0 = Debug|Any CPU
		{95472C59-B2D8-42E1-B139-DAFB6BBBCB82}.Release|Any CPU.ActiveCfg = Release|Any CPU
		{95472C59-B2D8-42E1-B139-DAFB6BBBCB82}.Release|Any CPU.Build.0 = Release|Any CPU
		{0F32B8C9-1BE7-4ADD-9738-390CBB7D80F9}.Debug|Any CPU.ActiveCfg = Debug|Any CPU
		{0F32B8C9-1BE7-4ADD-9738-390CBB7D80F9}.Debug|Any CPU.Build.0 = Debug|Any CPU
		{0F32B8C9-1BE7-4ADD-9738-390CBB7D80F9}.Release|Any CPU.ActiveCfg = Release|Any CPU
		{0F32B8C9-1BE7-4ADD-9738-390CBB7D80F9}.Release|Any CPU.Build.0 = Release|Any CPU
		{2504F983-A45A-48BB-A900-451C1C16BB39}.Debug|Any CPU.ActiveCfg = Debug|Any CPU
		{2504F983-A45A-48BB-A900-451C1C16BB39}.Debug|Any CPU.Build.0 = Debug|Any CPU
		{2504F983-A45A-48BB-A900-451C1C16BB39}.Release|Any CPU.ActiveCfg = Release|Any CPU
		{2504F983-A45A-48BB-A900-451C1C16BB39}.Release|Any CPU.Build.0 = Release|Any CPU
		{CF2E9F63-E8E9-45BF-B11E-58BDC5D21632}.Debug|Any CPU.ActiveCfg = Debug|Any CPU
		{CF2E9F63-E8E9-45BF-B11E-58BDC5D21632}.Debug|Any CPU.Build.0 = Debug|Any CPU
		{CF2E9F63-E8E9-45BF-B11E-58BDC5D21632}.Release|Any CPU.ActiveCfg = Release|Any CPU
		{CF2E9F63-E8E9-45BF-B11E-58BDC5D21632}.Release|Any CPU.Build.0 = Release|Any CPU
		{5C169681-3D23-4A14-95CC-B6A1E395E0AD}.Debug|Any CPU.ActiveCfg = Debug|Any CPU
		{5C169681-3D23-4A14-95CC-B6A1E395E0AD}.Debug|Any CPU.Build.0 = Debug|Any CPU
		{5C169681-3D23-4A14-95CC-B6A1E395E0AD}.Release|Any CPU.ActiveCfg = Release|Any CPU
		{5C169681-3D23-4A14-95CC-B6A1E395E0AD}.Release|Any CPU.Build.0 = Release|Any CPU
	EndGlobalSection
	GlobalSection(SolutionProperties) = preSolution
		HideSolutionNode = FALSE
	EndGlobalSection
	GlobalSection(NestedProjects) = preSolution
		{95472C59-B2D8-42E1-B139-DAFB6BBBCB82} = {2315659A-162C-426A-90A1-11A16D0AC1E1}
		{0F32B8C9-1BE7-4ADD-9738-390CBB7D80F9} = {DD03DA3E-5163-4F58-862D-5CB85484A2A1}
		{63DE7DD6-5BB7-42F8-9ACE-55AF55EFAC47} = {5EC3C1F9-843B-481F-8D62-0D1136E6B9B2}
		{34AD9889-11E2-4CF7-B586-E8C7A99675B6} = {5EC3C1F9-843B-481F-8D62-0D1136E6B9B2}
		{2504F983-A45A-48BB-A900-451C1C16BB39} = {63DE7DD6-5BB7-42F8-9ACE-55AF55EFAC47}
		{CF2E9F63-E8E9-45BF-B11E-58BDC5D21632} = {34AD9889-11E2-4CF7-B586-E8C7A99675B6}
		{5C169681-3D23-4A14-95CC-B6A1E395E0AD} = {5BE91C2B-69CF-4AB0-866B-79C2640677E1}
	EndGlobalSection
	GlobalSection(ExtensibilityGlobals) = postSolution
		SolutionGuid = {12C5534E-0DE9-4CF4-AD84-0CF0D77A02A6}
	EndGlobalSection
EndGlobal
